
Microsoft Visual Studio Solution File, Format Version 12.00
# Visual Studio Version 16
VisualStudioVersion = 16.0.29806.167
MinimumVisualStudioVersion = 10.0.40219.1
Project("{FAE04EC0-301F-11D3-BF4B-00C04F79EFBC}") = "BusinessHub", "BusinessHub\BusinessHub.csproj", "{3DB6DD46-0672-411B-BD2E-6B2F6C44E5DF}"
EndProject
Global
	GlobalSection(SolutionConfigurationPlatforms) = preSolution
		Debug|Any CPU = Debug|Any CPU
		Release|Any CPU = Release|Any CPU
	EndGlobalSection
	GlobalSection(ProjectConfigurationPlatforms) = postSolution
		{3DB6DD46-0672-411B-BD2E-6B2F6C44E5DF}.Debug|Any CPU.ActiveCfg = Debug|Any CPU
		{3DB6DD46-0672-411B-BD2E-6B2F6C44E5DF}.Debug|Any CPU.Build.0 = Debug|Any CPU
		{3DB6DD46-0672-411B-BD2E-6B2F6C44E5DF}.Release|Any CPU.ActiveCfg = Release|Any CPU
		{3DB6DD46-0672-411B-BD2E-6B2F6C44E5DF}.Release|Any CPU.Build.0 = Release|Any CPU
	EndGlobalSection
	GlobalSection(SolutionProperties) = preSolution
		HideSolutionNode = FALSE
	EndGlobalSection
	GlobalSection(ExtensibilityGlobals) = postSolution
		SolutionGuid = {4B8A7629-41AE-4DDC-AF57-A3E8E3FDAF7A}
	EndGlobalSection
EndGlobal
